// !$*UTF8*$!
{
	archiveVersion = 1;
	classes = {
	};
	objectVersion = 50;
	objects = {

/* Begin PBXBuildFile section */
		6280674CA98E50597E11EEA4 /* Pods_StuffAppTests.framework in Frameworks */ = {isa = PBXBuildFile; fileRef = 030CF52121E53AA28317A5C9 /* Pods_StuffAppTests.framework */; };
		7921FC3FDC82E979FC3EA72D /* Pods_StuffApp.framework in Frameworks */ = {isa = PBXBuildFile; fileRef = F7D23860735BDB41071BF0A5 /* Pods_StuffApp.framework */; };
		B82CE94F720A681CA7E74498 /* Pods_StuffApp_StuffAppUITests.framework in Frameworks */ = {isa = PBXBuildFile; fileRef = 4420C5475F83A02787D0BE98 /* Pods_StuffApp_StuffAppUITests.framework */; };
		DF50220523CB8D720090CED4 /* SessionStore.swift in Sources */ = {isa = PBXBuildFile; fileRef = DF50220423CB8D710090CED4 /* SessionStore.swift */; };
		DF772E4523CE457F0008539E /* SessionView.swift in Sources */ = {isa = PBXBuildFile; fileRef = DF772E4423CE457F0008539E /* SessionView.swift */; };
		DF772E4723CE472D0008539E /* AuthView.swift in Sources */ = {isa = PBXBuildFile; fileRef = DF772E4623CE472C0008539E /* AuthView.swift */; };
		DFB35DE723E8C6E100CB3D4E /* UserCalendar.swift in Sources */ = {isa = PBXBuildFile; fileRef = DFB35DE623E8C6E100CB3D4E /* UserCalendar.swift */; };
		DFBC878123D907BF00428A0D /* RKViewController.swift in Sources */ = {isa = PBXBuildFile; fileRef = DFBC877A23D907BF00428A0D /* RKViewController.swift */; };
		DFBC878223D907BF00428A0D /* RKManager.swift in Sources */ = {isa = PBXBuildFile; fileRef = DFBC877B23D907BF00428A0D /* RKManager.swift */; };
		DFBC878323D907BF00428A0D /* RKWeekdayHeader.swift in Sources */ = {isa = PBXBuildFile; fileRef = DFBC877C23D907BF00428A0D /* RKWeekdayHeader.swift */; };
		DFBC878423D907BF00428A0D /* RKMonth.swift in Sources */ = {isa = PBXBuildFile; fileRef = DFBC877D23D907BF00428A0D /* RKMonth.swift */; };
		DFBC878523D907BF00428A0D /* RKCell.swift in Sources */ = {isa = PBXBuildFile; fileRef = DFBC877E23D907BF00428A0D /* RKCell.swift */; };
		DFBC878623D907BF00428A0D /* RKColorSettings.swift in Sources */ = {isa = PBXBuildFile; fileRef = DFBC877F23D907BF00428A0D /* RKColorSettings.swift */; };
		DFBC878723D907BF00428A0D /* RKDate.swift in Sources */ = {isa = PBXBuildFile; fileRef = DFBC878023D907BF00428A0D /* RKDate.swift */; };
		DFDD628823CA605B0030A90D /* AppDelegate.swift in Sources */ = {isa = PBXBuildFile; fileRef = DFDD628723CA605B0030A90D /* AppDelegate.swift */; };
		DFDD628A23CA605B0030A90D /* SceneDelegate.swift in Sources */ = {isa = PBXBuildFile; fileRef = DFDD628923CA605B0030A90D /* SceneDelegate.swift */; };
		DFDD628E23CA60630030A90D /* Assets.xcassets in Resources */ = {isa = PBXBuildFile; fileRef = DFDD628D23CA60630030A90D /* Assets.xcassets */; };
		DFDD629123CA60630030A90D /* Preview Assets.xcassets in Resources */ = {isa = PBXBuildFile; fileRef = DFDD629023CA60630030A90D /* Preview Assets.xcassets */; };
		DFDD629423CA60630030A90D /* LaunchScreen.storyboard in Resources */ = {isa = PBXBuildFile; fileRef = DFDD629223CA60630030A90D /* LaunchScreen.storyboard */; };
		DFDD629F23CA60640030A90D /* StuffAppTests.swift in Sources */ = {isa = PBXBuildFile; fileRef = DFDD629E23CA60640030A90D /* StuffAppTests.swift */; };
		DFDD62AA23CA60640030A90D /* StuffAppUITests.swift in Sources */ = {isa = PBXBuildFile; fileRef = DFDD62A923CA60640030A90D /* StuffAppUITests.swift */; };
		DFDD62BF23CA6C9F0030A90D /* GoogleService-Info.plist in Resources */ = {isa = PBXBuildFile; fileRef = DFDD62BE23CA6C9F0030A90D /* GoogleService-Info.plist */; };
		DFF63AC923DB9F1600C1B9A6 /* UserCockpit.swift in Sources */ = {isa = PBXBuildFile; fileRef = DFF63AC823DB9F1600C1B9A6 /* UserCockpit.swift */; };
/* End PBXBuildFile section */

/* Begin PBXContainerItemProxy section */
		DFDD629B23CA60640030A90D /* PBXContainerItemProxy */ = {
			isa = PBXContainerItemProxy;
			containerPortal = DFDD627C23CA605B0030A90D /* Project object */;
			proxyType = 1;
			remoteGlobalIDString = DFDD628323CA605B0030A90D;
			remoteInfo = StuffApp;
		};
		DFDD62A623CA60640030A90D /* PBXContainerItemProxy */ = {
			isa = PBXContainerItemProxy;
			containerPortal = DFDD627C23CA605B0030A90D /* Project object */;
			proxyType = 1;
			remoteGlobalIDString = DFDD628323CA605B0030A90D;
			remoteInfo = StuffApp;
		};
/* End PBXContainerItemProxy section */

/* Begin PBXFileReference section */
		030CF52121E53AA28317A5C9 /* Pods_StuffAppTests.framework */ = {isa = PBXFileReference; explicitFileType = wrapper.framework; includeInIndex = 0; path = Pods_StuffAppTests.framework; sourceTree = BUILT_PRODUCTS_DIR; };
		097ED63469F697E040EE2B1F /* Pods-StuffAppTests.debug.xcconfig */ = {isa = PBXFileReference; includeInIndex = 1; lastKnownFileType = text.xcconfig; name = "Pods-StuffAppTests.debug.xcconfig"; path = "Pods/Target Support Files/Pods-StuffAppTests/Pods-StuffAppTests.debug.xcconfig"; sourceTree = "<group>"; };
		0DB38C69741A87C454AC61BB /* Pods-StuffApp-StuffAppUITests.debug.xcconfig */ = {isa = PBXFileReference; includeInIndex = 1; lastKnownFileType = text.xcconfig; name = "Pods-StuffApp-StuffAppUITests.debug.xcconfig"; path = "Pods/Target Support Files/Pods-StuffApp-StuffAppUITests/Pods-StuffApp-StuffAppUITests.debug.xcconfig"; sourceTree = "<group>"; };
		4420C5475F83A02787D0BE98 /* Pods_StuffApp_StuffAppUITests.framework */ = {isa = PBXFileReference; explicitFileType = wrapper.framework; includeInIndex = 0; path = Pods_StuffApp_StuffAppUITests.framework; sourceTree = BUILT_PRODUCTS_DIR; };
		4A078F4C8DF698D2B9063B6E /* Pods-StuffApp-StuffAppUITests.release.xcconfig */ = {isa = PBXFileReference; includeInIndex = 1; lastKnownFileType = text.xcconfig; name = "Pods-StuffApp-StuffAppUITests.release.xcconfig"; path = "Pods/Target Support Files/Pods-StuffApp-StuffAppUITests/Pods-StuffApp-StuffAppUITests.release.xcconfig"; sourceTree = "<group>"; };
		59E0382C41D7BF1C9895A4F0 /* Pods-StuffApp.release.xcconfig */ = {isa = PBXFileReference; includeInIndex = 1; lastKnownFileType = text.xcconfig; name = "Pods-StuffApp.release.xcconfig"; path = "Pods/Target Support Files/Pods-StuffApp/Pods-StuffApp.release.xcconfig"; sourceTree = "<group>"; };
		66BF340067C4F893865A29B6 /* Pods-StuffAppTests.release.xcconfig */ = {isa = PBXFileReference; includeInIndex = 1; lastKnownFileType = text.xcconfig; name = "Pods-StuffAppTests.release.xcconfig"; path = "Pods/Target Support Files/Pods-StuffAppTests/Pods-StuffAppTests.release.xcconfig"; sourceTree = "<group>"; };
		C3B57B523FE474184B4FB9B7 /* Pods-StuffApp.debug.xcconfig */ = {isa = PBXFileReference; includeInIndex = 1; lastKnownFileType = text.xcconfig; name = "Pods-StuffApp.debug.xcconfig"; path = "Pods/Target Support Files/Pods-StuffApp/Pods-StuffApp.debug.xcconfig"; sourceTree = "<group>"; };
		DF50220423CB8D710090CED4 /* SessionStore.swift */ = {isa = PBXFileReference; lastKnownFileType = sourcecode.swift; path = SessionStore.swift; sourceTree = "<group>"; };
		DF772E4423CE457F0008539E /* SessionView.swift */ = {isa = PBXFileReference; lastKnownFileType = sourcecode.swift; path = SessionView.swift; sourceTree = "<group>"; };
		DF772E4623CE472C0008539E /* AuthView.swift */ = {isa = PBXFileReference; lastKnownFileType = sourcecode.swift; path = AuthView.swift; sourceTree = "<group>"; };
		DFB35DE623E8C6E100CB3D4E /* UserCalendar.swift */ = {isa = PBXFileReference; lastKnownFileType = sourcecode.swift; path = UserCalendar.swift; sourceTree = "<group>"; };
		DFBC877A23D907BF00428A0D /* RKViewController.swift */ = {isa = PBXFileReference; fileEncoding = 4; lastKnownFileType = sourcecode.swift; path = RKViewController.swift; sourceTree = "<group>"; };
		DFBC877B23D907BF00428A0D /* RKManager.swift */ = {isa = PBXFileReference; fileEncoding = 4; lastKnownFileType = sourcecode.swift; path = RKManager.swift; sourceTree = "<group>"; };
		DFBC877C23D907BF00428A0D /* RKWeekdayHeader.swift */ = {isa = PBXFileReference; fileEncoding = 4; lastKnownFileType = sourcecode.swift; path = RKWeekdayHeader.swift; sourceTree = "<group>"; };
		DFBC877D23D907BF00428A0D /* RKMonth.swift */ = {isa = PBXFileReference; fileEncoding = 4; lastKnownFileType = sourcecode.swift; path = RKMonth.swift; sourceTree = "<group>"; };
		DFBC877E23D907BF00428A0D /* RKCell.swift */ = {isa = PBXFileReference; fileEncoding = 4; lastKnownFileType = sourcecode.swift; path = RKCell.swift; sourceTree = "<group>"; };
		DFBC877F23D907BF00428A0D /* RKColorSettings.swift */ = {isa = PBXFileReference; fileEncoding = 4; lastKnownFileType = sourcecode.swift; path = RKColorSettings.swift; sourceTree = "<group>"; };
		DFBC878023D907BF00428A0D /* RKDate.swift */ = {isa = PBXFileReference; fileEncoding = 4; lastKnownFileType = sourcecode.swift; path = RKDate.swift; sourceTree = "<group>"; };
		DFDD628423CA605B0030A90D /* StuffApp.app */ = {isa = PBXFileReference; explicitFileType = wrapper.application; includeInIndex = 0; path = StuffApp.app; sourceTree = BUILT_PRODUCTS_DIR; };
		DFDD628723CA605B0030A90D /* AppDelegate.swift */ = {isa = PBXFileReference; lastKnownFileType = sourcecode.swift; path = AppDelegate.swift; sourceTree = "<group>"; };
		DFDD628923CA605B0030A90D /* SceneDelegate.swift */ = {isa = PBXFileReference; lastKnownFileType = sourcecode.swift; path = SceneDelegate.swift; sourceTree = "<group>"; };
		DFDD628D23CA60630030A90D /* Assets.xcassets */ = {isa = PBXFileReference; lastKnownFileType = folder.assetcatalog; path = Assets.xcassets; sourceTree = "<group>"; };
		DFDD629023CA60630030A90D /* Preview Assets.xcassets */ = {isa = PBXFileReference; lastKnownFileType = folder.assetcatalog; path = "Preview Assets.xcassets"; sourceTree = "<group>"; };
		DFDD629323CA60630030A90D /* Base */ = {isa = PBXFileReference; lastKnownFileType = file.storyboard; name = Base; path = Base.lproj/LaunchScreen.storyboard; sourceTree = "<group>"; };
		DFDD629523CA60630030A90D /* Info.plist */ = {isa = PBXFileReference; lastKnownFileType = text.plist.xml; path = Info.plist; sourceTree = "<group>"; };
		DFDD629A23CA60640030A90D /* StuffAppTests.xctest */ = {isa = PBXFileReference; explicitFileType = wrapper.cfbundle; includeInIndex = 0; path = StuffAppTests.xctest; sourceTree = BUILT_PRODUCTS_DIR; };
		DFDD629E23CA60640030A90D /* StuffAppTests.swift */ = {isa = PBXFileReference; lastKnownFileType = sourcecode.swift; path = StuffAppTests.swift; sourceTree = "<group>"; };
		DFDD62A023CA60640030A90D /* Info.plist */ = {isa = PBXFileReference; lastKnownFileType = text.plist.xml; path = Info.plist; sourceTree = "<group>"; };
		DFDD62A523CA60640030A90D /* StuffAppUITests.xctest */ = {isa = PBXFileReference; explicitFileType = wrapper.cfbundle; includeInIndex = 0; path = StuffAppUITests.xctest; sourceTree = BUILT_PRODUCTS_DIR; };
		DFDD62A923CA60640030A90D /* StuffAppUITests.swift */ = {isa = PBXFileReference; lastKnownFileType = sourcecode.swift; path = StuffAppUITests.swift; sourceTree = "<group>"; };
		DFDD62AB23CA60640030A90D /* Info.plist */ = {isa = PBXFileReference; lastKnownFileType = text.plist.xml; path = Info.plist; sourceTree = "<group>"; };
		DFDD62BE23CA6C9F0030A90D /* GoogleService-Info.plist */ = {isa = PBXFileReference; fileEncoding = 4; lastKnownFileType = text.plist.xml; path = "GoogleService-Info.plist"; sourceTree = "<group>"; };
		DFF63AC823DB9F1600C1B9A6 /* UserCockpit.swift */ = {isa = PBXFileReference; lastKnownFileType = sourcecode.swift; path = UserCockpit.swift; sourceTree = "<group>"; };
		F7D23860735BDB41071BF0A5 /* Pods_StuffApp.framework */ = {isa = PBXFileReference; explicitFileType = wrapper.framework; includeInIndex = 0; path = Pods_StuffApp.framework; sourceTree = BUILT_PRODUCTS_DIR; };
/* End PBXFileReference section */

/* Begin PBXFrameworksBuildPhase section */
		DFDD628123CA605B0030A90D /* Frameworks */ = {
			isa = PBXFrameworksBuildPhase;
			buildActionMask = 2147483647;
			files = (
				7921FC3FDC82E979FC3EA72D /* Pods_StuffApp.framework in Frameworks */,
			);
			runOnlyForDeploymentPostprocessing = 0;
		};
		DFDD629723CA60640030A90D /* Frameworks */ = {
			isa = PBXFrameworksBuildPhase;
			buildActionMask = 2147483647;
			files = (
				6280674CA98E50597E11EEA4 /* Pods_StuffAppTests.framework in Frameworks */,
			);
			runOnlyForDeploymentPostprocessing = 0;
		};
		DFDD62A223CA60640030A90D /* Frameworks */ = {
			isa = PBXFrameworksBuildPhase;
			buildActionMask = 2147483647;
			files = (
				B82CE94F720A681CA7E74498 /* Pods_StuffApp_StuffAppUITests.framework in Frameworks */,
			);
			runOnlyForDeploymentPostprocessing = 0;
		};
/* End PBXFrameworksBuildPhase section */

/* Begin PBXGroup section */
		2557A1F954B6063D12ECB4D7 /* Frameworks */ = {
			isa = PBXGroup;
			children = (
				F7D23860735BDB41071BF0A5 /* Pods_StuffApp.framework */,
				4420C5475F83A02787D0BE98 /* Pods_StuffApp_StuffAppUITests.framework */,
				030CF52121E53AA28317A5C9 /* Pods_StuffAppTests.framework */,
			);
			name = Frameworks;
			sourceTree = "<group>";
		};
		9FDE9F893B8C70F9C6AF9E6A /* Pods */ = {
			isa = PBXGroup;
			children = (
				C3B57B523FE474184B4FB9B7 /* Pods-StuffApp.debug.xcconfig */,
				59E0382C41D7BF1C9895A4F0 /* Pods-StuffApp.release.xcconfig */,
				0DB38C69741A87C454AC61BB /* Pods-StuffApp-StuffAppUITests.debug.xcconfig */,
				4A078F4C8DF698D2B9063B6E /* Pods-StuffApp-StuffAppUITests.release.xcconfig */,
				097ED63469F697E040EE2B1F /* Pods-StuffAppTests.debug.xcconfig */,
				66BF340067C4F893865A29B6 /* Pods-StuffAppTests.release.xcconfig */,
			);
			name = Pods;
			sourceTree = "<group>";
		};
		DF50220323CB8D520090CED4 /* FirebaseSession */ = {
			isa = PBXGroup;
			children = (
				DF50220423CB8D710090CED4 /* SessionStore.swift */,
			);
			path = FirebaseSession;
			sourceTree = "<group>";
		};
		DFBC877923D907BF00428A0D /* CalendarManager */ = {
			isa = PBXGroup;
			children = (
				DFBC877A23D907BF00428A0D /* RKViewController.swift */,
				DFBC877B23D907BF00428A0D /* RKManager.swift */,
				DFBC877C23D907BF00428A0D /* RKWeekdayHeader.swift */,
				DFBC877D23D907BF00428A0D /* RKMonth.swift */,
				DFBC877E23D907BF00428A0D /* RKCell.swift */,
				DFBC877F23D907BF00428A0D /* RKColorSettings.swift */,
				DFBC878023D907BF00428A0D /* RKDate.swift */,
			);
			path = CalendarManager;
			sourceTree = "<group>";
		};
		DFDD627B23CA605B0030A90D = {
			isa = PBXGroup;
			children = (
				DFDD628623CA605B0030A90D /* StuffApp */,
				DFDD629D23CA60640030A90D /* StuffAppTests */,
				DFDD62A823CA60640030A90D /* StuffAppUITests */,
				DFDD628523CA605B0030A90D /* Products */,
				9FDE9F893B8C70F9C6AF9E6A /* Pods */,
				2557A1F954B6063D12ECB4D7 /* Frameworks */,
			);
			sourceTree = "<group>";
		};
		DFDD628523CA605B0030A90D /* Products */ = {
			isa = PBXGroup;
			children = (
				DFDD628423CA605B0030A90D /* StuffApp.app */,
				DFDD629A23CA60640030A90D /* StuffAppTests.xctest */,
				DFDD62A523CA60640030A90D /* StuffAppUITests.xctest */,
			);
			name = Products;
			sourceTree = "<group>";
		};
		DFDD628623CA605B0030A90D /* StuffApp */ = {
			isa = PBXGroup;
			children = (
				DF50220323CB8D520090CED4 /* FirebaseSession */,
				DFDD62C023CA6E500030A90D /* View */,
				DFDD628723CA605B0030A90D /* AppDelegate.swift */,
				DFDD628923CA605B0030A90D /* SceneDelegate.swift */,
				DFDD628D23CA60630030A90D /* Assets.xcassets */,
				DFDD629223CA60630030A90D /* LaunchScreen.storyboard */,
				DFDD629523CA60630030A90D /* Info.plist */,
				DFDD62BE23CA6C9F0030A90D /* GoogleService-Info.plist */,
				DFBC877923D907BF00428A0D /* CalendarManager */,
				DFDD628F23CA60630030A90D /* Preview Content */,
			);
			path = StuffApp;
			sourceTree = "<group>";
		};
		DFDD628F23CA60630030A90D /* Preview Content */ = {
			isa = PBXGroup;
			children = (
				DFDD629023CA60630030A90D /* Preview Assets.xcassets */,
			);
			path = "Preview Content";
			sourceTree = "<group>";
		};
		DFDD629D23CA60640030A90D /* StuffAppTests */ = {
			isa = PBXGroup;
			children = (
				DFDD629E23CA60640030A90D /* StuffAppTests.swift */,
				DFDD62A023CA60640030A90D /* Info.plist */,
			);
			path = StuffAppTests;
			sourceTree = "<group>";
		};
		DFDD62A823CA60640030A90D /* StuffAppUITests */ = {
			isa = PBXGroup;
			children = (
				DFDD62A923CA60640030A90D /* StuffAppUITests.swift */,
				DFDD62AB23CA60640030A90D /* Info.plist */,
			);
			path = StuffAppUITests;
			sourceTree = "<group>";
		};
		DFDD62C023CA6E500030A90D /* View */ = {
			isa = PBXGroup;
			children = (
				DF772E4623CE472C0008539E /* AuthView.swift */,
				DF772E4423CE457F0008539E /* SessionView.swift */,
				DFF63AC823DB9F1600C1B9A6 /* UserCockpit.swift */,
				DFB35DE623E8C6E100CB3D4E /* UserCalendar.swift */,
			);
			path = View;
			sourceTree = "<group>";
		};
/* End PBXGroup section */

/* Begin PBXNativeTarget section */
		DFDD628323CA605B0030A90D /* StuffApp */ = {
			isa = PBXNativeTarget;
			buildConfigurationList = DFDD62AE23CA60640030A90D /* Build configuration list for PBXNativeTarget "StuffApp" */;
			buildPhases = (
				1AA37EAED5F7EA0A779343CB /* [CP] Check Pods Manifest.lock */,
				DFDD628023CA605B0030A90D /* Sources */,
				DFDD628123CA605B0030A90D /* Frameworks */,
				DFDD628223CA605B0030A90D /* Resources */,
				5DD8DA62E2635084EDC0AAC9 /* [CP] Embed Pods Frameworks */,
			);
			buildRules = (
			);
			dependencies = (
			);
			name = StuffApp;
			productName = StuffApp;
			productReference = DFDD628423CA605B0030A90D /* StuffApp.app */;
			productType = "com.apple.product-type.application";
		};
		DFDD629923CA60640030A90D /* StuffAppTests */ = {
			isa = PBXNativeTarget;
			buildConfigurationList = DFDD62B123CA60640030A90D /* Build configuration list for PBXNativeTarget "StuffAppTests" */;
			buildPhases = (
				4AF47961AA2A4401D47111A8 /* [CP] Check Pods Manifest.lock */,
				DFDD629623CA60640030A90D /* Sources */,
				DFDD629723CA60640030A90D /* Frameworks */,
				DFDD629823CA60640030A90D /* Resources */,
			);
			buildRules = (
			);
			dependencies = (
				DFDD629C23CA60640030A90D /* PBXTargetDependency */,
			);
			name = StuffAppTests;
			productName = StuffAppTests;
			productReference = DFDD629A23CA60640030A90D /* StuffAppTests.xctest */;
			productType = "com.apple.product-type.bundle.unit-test";
		};
		DFDD62A423CA60640030A90D /* StuffAppUITests */ = {
			isa = PBXNativeTarget;
			buildConfigurationList = DFDD62B423CA60640030A90D /* Build configuration list for PBXNativeTarget "StuffAppUITests" */;
			buildPhases = (
				AB208894EE6033BEF976D31E /* [CP] Check Pods Manifest.lock */,
				DFDD62A123CA60640030A90D /* Sources */,
				DFDD62A223CA60640030A90D /* Frameworks */,
				DFDD62A323CA60640030A90D /* Resources */,
				888DDE8AD6258871876B0C14 /* [CP] Embed Pods Frameworks */,
			);
			buildRules = (
			);
			dependencies = (
				DFDD62A723CA60640030A90D /* PBXTargetDependency */,
			);
			name = StuffAppUITests;
			productName = StuffAppUITests;
			productReference = DFDD62A523CA60640030A90D /* StuffAppUITests.xctest */;
			productType = "com.apple.product-type.bundle.ui-testing";
		};
/* End PBXNativeTarget section */

/* Begin PBXProject section */
		DFDD627C23CA605B0030A90D /* Project object */ = {
			isa = PBXProject;
			attributes = {
				LastSwiftUpdateCheck = 1100;
				LastUpgradeCheck = 1100;
				ORGANIZATIONNAME = "Bartek Lanczyk";
				TargetAttributes = {
					DFDD628323CA605B0030A90D = {
						CreatedOnToolsVersion = 11.0;
					};
					DFDD629923CA60640030A90D = {
						CreatedOnToolsVersion = 11.0;
						TestTargetID = DFDD628323CA605B0030A90D;
					};
					DFDD62A423CA60640030A90D = {
						CreatedOnToolsVersion = 11.0;
						TestTargetID = DFDD628323CA605B0030A90D;
					};
				};
			};
			buildConfigurationList = DFDD627F23CA605B0030A90D /* Build configuration list for PBXProject "StuffApp" */;
			compatibilityVersion = "Xcode 9.3";
			developmentRegion = en;
			hasScannedForEncodings = 0;
			knownRegions = (
				en,
				Base,
			);
			mainGroup = DFDD627B23CA605B0030A90D;
			productRefGroup = DFDD628523CA605B0030A90D /* Products */;
			projectDirPath = "";
			projectRoot = "";
			targets = (
				DFDD628323CA605B0030A90D /* StuffApp */,
				DFDD629923CA60640030A90D /* StuffAppTests */,
				DFDD62A423CA60640030A90D /* StuffAppUITests */,
			);
		};
/* End PBXProject section */

/* Begin PBXResourcesBuildPhase section */
		DFDD628223CA605B0030A90D /* Resources */ = {
			isa = PBXResourcesBuildPhase;
			buildActionMask = 2147483647;
			files = (
				DFDD629423CA60630030A90D /* LaunchScreen.storyboard in Resources */,
				DFDD62BF23CA6C9F0030A90D /* GoogleService-Info.plist in Resources */,
				DFDD629123CA60630030A90D /* Preview Assets.xcassets in Resources */,
				DFDD628E23CA60630030A90D /* Assets.xcassets in Resources */,
			);
			runOnlyForDeploymentPostprocessing = 0;
		};
		DFDD629823CA60640030A90D /* Resources */ = {
			isa = PBXResourcesBuildPhase;
			buildActionMask = 2147483647;
			files = (
			);
			runOnlyForDeploymentPostprocessing = 0;
		};
		DFDD62A323CA60640030A90D /* Resources */ = {
			isa = PBXResourcesBuildPhase;
			buildActionMask = 2147483647;
			files = (
			);
			runOnlyForDeploymentPostprocessing = 0;
		};
/* End PBXResourcesBuildPhase section */

/* Begin PBXShellScriptBuildPhase section */
		1AA37EAED5F7EA0A779343CB /* [CP] Check Pods Manifest.lock */ = {
			isa = PBXShellScriptBuildPhase;
			buildActionMask = 2147483647;
			files = (
			);
			inputPaths = (
				"${PODS_PODFILE_DIR_PATH}/Podfile.lock",
				"${PODS_ROOT}/Manifest.lock",
			);
			name = "[CP] Check Pods Manifest.lock";
			outputPaths = (
				"$(DERIVED_FILE_DIR)/Pods-StuffApp-checkManifestLockResult.txt",
			);
			runOnlyForDeploymentPostprocessing = 0;
			shellPath = /bin/sh;
			shellScript = "diff \"${PODS_PODFILE_DIR_PATH}/Podfile.lock\" \"${PODS_ROOT}/Manifest.lock\" > /dev/null\nif [ $? != 0 ] ; then\n    # print error to STDERR\n    echo \"error: The sandbox is not in sync with the Podfile.lock. Run 'pod install' or update your CocoaPods installation.\" >&2\n    exit 1\nfi\n# This output is used by Xcode 'outputs' to avoid re-running this script phase.\necho \"SUCCESS\" > \"${SCRIPT_OUTPUT_FILE_0}\"\n";
			showEnvVarsInLog = 0;
		};
		4AF47961AA2A4401D47111A8 /* [CP] Check Pods Manifest.lock */ = {
			isa = PBXShellScriptBuildPhase;
			buildActionMask = 2147483647;
			files = (
			);
			inputPaths = (
				"${PODS_PODFILE_DIR_PATH}/Podfile.lock",
				"${PODS_ROOT}/Manifest.lock",
			);
			name = "[CP] Check Pods Manifest.lock";
			outputPaths = (
				"$(DERIVED_FILE_DIR)/Pods-StuffAppTests-checkManifestLockResult.txt",
			);
			runOnlyForDeploymentPostprocessing = 0;
			shellPath = /bin/sh;
			shellScript = "diff \"${PODS_PODFILE_DIR_PATH}/Podfile.lock\" \"${PODS_ROOT}/Manifest.lock\" > /dev/null\nif [ $? != 0 ] ; then\n    # print error to STDERR\n    echo \"error: The sandbox is not in sync with the Podfile.lock. Run 'pod install' or update your CocoaPods installation.\" >&2\n    exit 1\nfi\n# This output is used by Xcode 'outputs' to avoid re-running this script phase.\necho \"SUCCESS\" > \"${SCRIPT_OUTPUT_FILE_0}\"\n";
			showEnvVarsInLog = 0;
		};
		5DD8DA62E2635084EDC0AAC9 /* [CP] Embed Pods Frameworks */ = {
			isa = PBXShellScriptBuildPhase;
			buildActionMask = 2147483647;
			files = (
			);
			inputPaths = (
				"${SRCROOT}/Pods/Target Support Files/Pods-StuffApp/Pods-StuffApp-frameworks.sh",
				"${BUILT_PRODUCTS_DIR}/GTMSessionFetcher/GTMSessionFetcher.framework",
				"${BUILT_PRODUCTS_DIR}/GoogleUtilities/GoogleUtilities.framework",
				"${BUILT_PRODUCTS_DIR}/leveldb-library/leveldb.framework",
				"${BUILT_PRODUCTS_DIR}/nanopb/nanopb.framework",
			);
			name = "[CP] Embed Pods Frameworks";
			outputPaths = (
				"${TARGET_BUILD_DIR}/${FRAMEWORKS_FOLDER_PATH}/GTMSessionFetcher.framework",
				"${TARGET_BUILD_DIR}/${FRAMEWORKS_FOLDER_PATH}/GoogleUtilities.framework",
				"${TARGET_BUILD_DIR}/${FRAMEWORKS_FOLDER_PATH}/leveldb.framework",
				"${TARGET_BUILD_DIR}/${FRAMEWORKS_FOLDER_PATH}/nanopb.framework",
			);
			runOnlyForDeploymentPostprocessing = 0;
			shellPath = /bin/sh;
			shellScript = "\"${SRCROOT}/Pods/Target Support Files/Pods-StuffApp/Pods-StuffApp-frameworks.sh\"\n";
			showEnvVarsInLog = 0;
		};
		888DDE8AD6258871876B0C14 /* [CP] Embed Pods Frameworks */ = {
			isa = PBXShellScriptBuildPhase;
			buildActionMask = 2147483647;
			files = (
			);
			inputPaths = (
				"${SRCROOT}/Pods/Target Support Files/Pods-StuffApp-StuffAppUITests/Pods-StuffApp-StuffAppUITests-frameworks.sh",
				"${BUILT_PRODUCTS_DIR}/GTMSessionFetcher/GTMSessionFetcher.framework",
				"${BUILT_PRODUCTS_DIR}/GoogleUtilities/GoogleUtilities.framework",
				"${BUILT_PRODUCTS_DIR}/leveldb-library/leveldb.framework",
				"${BUILT_PRODUCTS_DIR}/nanopb/nanopb.framework",
			);
			name = "[CP] Embed Pods Frameworks";
			outputPaths = (
				"${TARGET_BUILD_DIR}/${FRAMEWORKS_FOLDER_PATH}/GTMSessionFetcher.framework",
				"${TARGET_BUILD_DIR}/${FRAMEWORKS_FOLDER_PATH}/GoogleUtilities.framework",
				"${TARGET_BUILD_DIR}/${FRAMEWORKS_FOLDER_PATH}/leveldb.framework",
				"${TARGET_BUILD_DIR}/${FRAMEWORKS_FOLDER_PATH}/nanopb.framework",
			);
			runOnlyForDeploymentPostprocessing = 0;
			shellPath = /bin/sh;
			shellScript = "\"${SRCROOT}/Pods/Target Support Files/Pods-StuffApp-StuffAppUITests/Pods-StuffApp-StuffAppUITests-frameworks.sh\"\n";
			showEnvVarsInLog = 0;
		};
		AB208894EE6033BEF976D31E /* [CP] Check Pods Manifest.lock */ = {
			isa = PBXShellScriptBuildPhase;
			buildActionMask = 2147483647;
			files = (
			);
			inputPaths = (
				"${PODS_PODFILE_DIR_PATH}/Podfile.lock",
				"${PODS_ROOT}/Manifest.lock",
			);
			name = "[CP] Check Pods Manifest.lock";
			outputPaths = (
				"$(DERIVED_FILE_DIR)/Pods-StuffApp-StuffAppUITests-checkManifestLockResult.txt",
			);
			runOnlyForDeploymentPostprocessing = 0;
			shellPath = /bin/sh;
			shellScript = "diff \"${PODS_PODFILE_DIR_PATH}/Podfile.lock\" \"${PODS_ROOT}/Manifest.lock\" > /dev/null\nif [ $? != 0 ] ; then\n    # print error to STDERR\n    echo \"error: The sandbox is not in sync with the Podfile.lock. Run 'pod install' or update your CocoaPods installation.\" >&2\n    exit 1\nfi\n# This output is used by Xcode 'outputs' to avoid re-running this script phase.\necho \"SUCCESS\" > \"${SCRIPT_OUTPUT_FILE_0}\"\n";
			showEnvVarsInLog = 0;
		};
/* End PBXShellScriptBuildPhase section */

/* Begin PBXSourcesBuildPhase section */
		DFDD628023CA605B0030A90D /* Sources */ = {
			isa = PBXSourcesBuildPhase;
			buildActionMask = 2147483647;
			files = (
				DF772E4723CE472D0008539E /* AuthView.swift in Sources */,
				DF50220523CB8D720090CED4 /* SessionStore.swift in Sources */,
				DFB35DE723E8C6E100CB3D4E /* UserCalendar.swift in Sources */,
				DFBC878223D907BF00428A0D /* RKManager.swift in Sources */,
				DFBC878723D907BF00428A0D /* RKDate.swift in Sources */,
				DFF63AC923DB9F1600C1B9A6 /* UserCockpit.swift in Sources */,
				DF772E4523CE457F0008539E /* SessionView.swift in Sources */,
				DFDD628823CA605B0030A90D /* AppDelegate.swift in Sources */,
				DFBC878623D907BF00428A0D /* RKColorSettings.swift in Sources */,
				DFDD628A23CA605B0030A90D /* SceneDelegate.swift in Sources */,
				DFBC878423D907BF00428A0D /* RKMonth.swift in Sources */,
				DFBC878523D907BF00428A0D /* RKCell.swift in Sources */,
				DFBC878123D907BF00428A0D /* RKViewController.swift in Sources */,
				DFBC878323D907BF00428A0D /* RKWeekdayHeader.swift in Sources */,
			);
			runOnlyForDeploymentPostprocessing = 0;
		};
		DFDD629623CA60640030A90D /* Sources */ = {
			isa = PBXSourcesBuildPhase;
			buildActionMask = 2147483647;
			files = (
				DFDD629F23CA60640030A90D /* StuffAppTests.swift in Sources */,
			);
			runOnlyForDeploymentPostprocessing = 0;
		};
		DFDD62A123CA60640030A90D /* Sources */ = {
			isa = PBXSourcesBuildPhase;
			buildActionMask = 2147483647;
			files = (
				DFDD62AA23CA60640030A90D /* StuffAppUITests.swift in Sources */,
			);
			runOnlyForDeploymentPostprocessing = 0;
		};
/* End PBXSourcesBuildPhase section */

/* Begin PBXTargetDependency section */
		DFDD629C23CA60640030A90D /* PBXTargetDependency */ = {
			isa = PBXTargetDependency;
			target = DFDD628323CA605B0030A90D /* StuffApp */;
			targetProxy = DFDD629B23CA60640030A90D /* PBXContainerItemProxy */;
		};
		DFDD62A723CA60640030A90D /* PBXTargetDependency */ = {
			isa = PBXTargetDependency;
			target = DFDD628323CA605B0030A90D /* StuffApp */;
			targetProxy = DFDD62A623CA60640030A90D /* PBXContainerItemProxy */;
		};
/* End PBXTargetDependency section */

/* Begin PBXVariantGroup section */
		DFDD629223CA60630030A90D /* LaunchScreen.storyboard */ = {
			isa = PBXVariantGroup;
			children = (
				DFDD629323CA60630030A90D /* Base */,
			);
			name = LaunchScreen.storyboard;
			sourceTree = "<group>";
		};
/* End PBXVariantGroup section */

/* Begin XCBuildConfiguration section */
		DFDD62AC23CA60640030A90D /* Debug */ = {
			isa = XCBuildConfiguration;
			buildSettings = {
				ALWAYS_SEARCH_USER_PATHS = NO;
				CLANG_ANALYZER_NONNULL = YES;
				CLANG_ANALYZER_NUMBER_OBJECT_CONVERSION = YES_AGGRESSIVE;
				CLANG_CXX_LANGUAGE_STANDARD = "gnu++14";
				CLANG_CXX_LIBRARY = "libc++";
				CLANG_ENABLE_MODULES = YES;
				CLANG_ENABLE_OBJC_ARC = YES;
				CLANG_ENABLE_OBJC_WEAK = YES;
				CLANG_WARN_BLOCK_CAPTURE_AUTORELEASING = YES;
				CLANG_WARN_BOOL_CONVERSION = YES;
				CLANG_WARN_COMMA = YES;
				CLANG_WARN_CONSTANT_CONVERSION = YES;
				CLANG_WARN_DEPRECATED_OBJC_IMPLEMENTATIONS = YES;
				CLANG_WARN_DIRECT_OBJC_ISA_USAGE = YES_ERROR;
				CLANG_WARN_DOCUMENTATION_COMMENTS = YES;
				CLANG_WARN_EMPTY_BODY = YES;
				CLANG_WARN_ENUM_CONVERSION = YES;
				CLANG_WARN_INFINITE_RECURSION = YES;
				CLANG_WARN_INT_CONVERSION = YES;
				CLANG_WARN_NON_LITERAL_NULL_CONVERSION = YES;
				CLANG_WARN_OBJC_IMPLICIT_RETAIN_SELF = YES;
				CLANG_WARN_OBJC_LITERAL_CONVERSION = YES;
				CLANG_WARN_OBJC_ROOT_CLASS = YES_ERROR;
				CLANG_WARN_RANGE_LOOP_ANALYSIS = YES;
				CLANG_WARN_STRICT_PROTOTYPES = YES;
				CLANG_WARN_SUSPICIOUS_MOVE = YES;
				CLANG_WARN_UNGUARDED_AVAILABILITY = YES_AGGRESSIVE;
				CLANG_WARN_UNREACHABLE_CODE = YES;
				CLANG_WARN__DUPLICATE_METHOD_MATCH = YES;
				COPY_PHASE_STRIP = NO;
				DEBUG_INFORMATION_FORMAT = dwarf;
				ENABLE_STRICT_OBJC_MSGSEND = YES;
				ENABLE_TESTABILITY = YES;
				GCC_C_LANGUAGE_STANDARD = gnu11;
				GCC_DYNAMIC_NO_PIC = NO;
				GCC_NO_COMMON_BLOCKS = YES;
				GCC_OPTIMIZATION_LEVEL = 0;
				GCC_PREPROCESSOR_DEFINITIONS = (
					"DEBUG=1",
					"$(inherited)",
				);
				GCC_WARN_64_TO_32_BIT_CONVERSION = YES;
				GCC_WARN_ABOUT_RETURN_TYPE = YES_ERROR;
				GCC_WARN_UNDECLARED_SELECTOR = YES;
				GCC_WARN_UNINITIALIZED_AUTOS = YES_AGGRESSIVE;
				GCC_WARN_UNUSED_FUNCTION = YES;
				GCC_WARN_UNUSED_VARIABLE = YES;
				IPHONEOS_DEPLOYMENT_TARGET = 13.0;
				MTL_ENABLE_DEBUG_INFO = INCLUDE_SOURCE;
				MTL_FAST_MATH = YES;
				ONLY_ACTIVE_ARCH = YES;
				SDKROOT = iphoneos;
				SWIFT_ACTIVE_COMPILATION_CONDITIONS = DEBUG;
				SWIFT_OPTIMIZATION_LEVEL = "-Onone";
			};
			name = Debug;
		};
		DFDD62AD23CA60640030A90D /* Release */ = {
			isa = XCBuildConfiguration;
			buildSettings = {
				ALWAYS_SEARCH_USER_PATHS = NO;
				CLANG_ANALYZER_NONNULL = YES;
				CLANG_ANALYZER_NUMBER_OBJECT_CONVERSION = YES_AGGRESSIVE;
				CLANG_CXX_LANGUAGE_STANDARD = "gnu++14";
				CLANG_CXX_LIBRARY = "libc++";
				CLANG_ENABLE_MODULES = YES;
				CLANG_ENABLE_OBJC_ARC = YES;
				CLANG_ENABLE_OBJC_WEAK = YES;
				CLANG_WARN_BLOCK_CAPTURE_AUTORELEASING = YES;
				CLANG_WARN_BOOL_CONVERSION = YES;
				CLANG_WARN_COMMA = YES;
				CLANG_WARN_CONSTANT_CONVERSION = YES;
				CLANG_WARN_DEPRECATED_OBJC_IMPLEMENTATIONS = YES;
				CLANG_WARN_DIRECT_OBJC_ISA_USAGE = YES_ERROR;
				CLANG_WARN_DOCUMENTATION_COMMENTS = YES;
				CLANG_WARN_EMPTY_BODY = YES;
				CLANG_WARN_ENUM_CONVERSION = YES;
				CLANG_WARN_INFINITE_RECURSION = YES;
				CLANG_WARN_INT_CONVERSION = YES;
				CLANG_WARN_NON_LITERAL_NULL_CONVERSION = YES;
				CLANG_WARN_OBJC_IMPLICIT_RETAIN_SELF = YES;
				CLANG_WARN_OBJC_LITERAL_CONVERSION = YES;
				CLANG_WARN_OBJC_ROOT_CLASS = YES_ERROR;
				CLANG_WARN_RANGE_LOOP_ANALYSIS = YES;
				CLANG_WARN_STRICT_PROTOTYPES = YES;
				CLANG_WARN_SUSPICIOUS_MOVE = YES;
				CLANG_WARN_UNGUARDED_AVAILABILITY = YES_AGGRESSIVE;
				CLANG_WARN_UNREACHABLE_CODE = YES;
				CLANG_WARN__DUPLICATE_METHOD_MATCH = YES;
				COPY_PHASE_STRIP = NO;
				DEBUG_INFORMATION_FORMAT = "dwarf-with-dsym";
				ENABLE_NS_ASSERTIONS = NO;
				ENABLE_STRICT_OBJC_MSGSEND = YES;
				GCC_C_LANGUAGE_STANDARD = gnu11;
				GCC_NO_COMMON_BLOCKS = YES;
				GCC_WARN_64_TO_32_BIT_CONVERSION = YES;
				GCC_WARN_ABOUT_RETURN_TYPE = YES_ERROR;
				GCC_WARN_UNDECLARED_SELECTOR = YES;
				GCC_WARN_UNINITIALIZED_AUTOS = YES_AGGRESSIVE;
				GCC_WARN_UNUSED_FUNCTION = YES;
				GCC_WARN_UNUSED_VARIABLE = YES;
				IPHONEOS_DEPLOYMENT_TARGET = 13.0;
				MTL_ENABLE_DEBUG_INFO = NO;
				MTL_FAST_MATH = YES;
				SDKROOT = iphoneos;
				SWIFT_COMPILATION_MODE = wholemodule;
				SWIFT_OPTIMIZATION_LEVEL = "-O";
				VALIDATE_PRODUCT = YES;
			};
			name = Release;
		};
		DFDD62AF23CA60640030A90D /* Debug */ = {
			isa = XCBuildConfiguration;
			baseConfigurationReference = C3B57B523FE474184B4FB9B7 /* Pods-StuffApp.debug.xcconfig */;
			buildSettings = {
				ASSETCATALOG_COMPILER_APPICON_NAME = AppIcon;
				CODE_SIGN_STYLE = Automatic;
				DEVELOPMENT_ASSET_PATHS = "\"StuffApp/Preview Content\"";
				DEVELOPMENT_TEAM = 9AKL82KSN5;
				ENABLE_PREVIEWS = YES;
				INFOPLIST_FILE = StuffApp/Info.plist;
				LD_RUNPATH_SEARCH_PATHS = (
					"$(inherited)",
					"@executable_path/Frameworks",
				);
				PRODUCT_BUNDLE_IDENTIFIER = com.miltenkot.StuffApp;
				PRODUCT_NAME = "$(TARGET_NAME)";
				SWIFT_VERSION = 5.0;
				TARGETED_DEVICE_FAMILY = "1,2";
			};
			name = Debug;
		};
		DFDD62B023CA60640030A90D /* Release */ = {
			isa = XCBuildConfiguration;
			baseConfigurationReference = 59E0382C41D7BF1C9895A4F0 /* Pods-StuffApp.release.xcconfig */;
			buildSettings = {
				ASSETCATALOG_COMPILER_APPICON_NAME = AppIcon;
				CODE_SIGN_STYLE = Automatic;
				DEVELOPMENT_ASSET_PATHS = "\"StuffApp/Preview Content\"";
				DEVELOPMENT_TEAM = 9AKL82KSN5;
				ENABLE_PREVIEWS = YES;
				INFOPLIST_FILE = StuffApp/Info.plist;
				LD_RUNPATH_SEARCH_PATHS = (
					"$(inherited)",
					"@executable_path/Frameworks",
				);
				PRODUCT_BUNDLE_IDENTIFIER = com.miltenkot.StuffApp;
				PRODUCT_NAME = "$(TARGET_NAME)";
				SWIFT_VERSION = 5.0;
				TARGETED_DEVICE_FAMILY = "1,2";
			};
			name = Release;
		};
		DFDD62B223CA60640030A90D /* Debug */ = {
			isa = XCBuildConfiguration;
			baseConfigurationReference = 097ED63469F697E040EE2B1F /* Pods-StuffAppTests.debug.xcconfig */;
			buildSettings = {
				ALWAYS_EMBED_SWIFT_STANDARD_LIBRARIES = YES;
				BUNDLE_LOADER = "$(TEST_HOST)";
				CODE_SIGN_STYLE = Automatic;
				DEVELOPMENT_TEAM = 9AKL82KSN5;
				INFOPLIST_FILE = StuffAppTests/Info.plist;
				IPHONEOS_DEPLOYMENT_TARGET = 13.0;
				LD_RUNPATH_SEARCH_PATHS = (
					"$(inherited)",
					"@executable_path/Frameworks",
					"@loader_path/Frameworks",
				);
				PRODUCT_BUNDLE_IDENTIFIER = com.miltenkot.StuffAppTests;
				PRODUCT_NAME = "$(TARGET_NAME)";
				SWIFT_VERSION = 5.0;
				TARGETED_DEVICE_FAMILY = "1,2";
				TEST_HOST = "$(BUILT_PRODUCTS_DIR)/StuffApp.app/StuffApp";
			};
			name = Debug;
		};
		DFDD62B323CA60640030A90D /* Release */ = {
			isa = XCBuildConfiguration;
			baseConfigurationReference = 66BF340067C4F893865A29B6 /* Pods-StuffAppTests.release.xcconfig */;
			buildSettings = {
				ALWAYS_EMBED_SWIFT_STANDARD_LIBRARIES = YES;
				BUNDLE_LOADER = "$(TEST_HOST)";
				CODE_SIGN_STYLE = Automatic;
				DEVELOPMENT_TEAM = 9AKL82KSN5;
				INFOPLIST_FILE = StuffAppTests/Info.plist;
				IPHONEOS_DEPLOYMENT_TARGET = 13.0;
				LD_RUNPATH_SEARCH_PATHS = (
					"$(inherited)",
					"@executable_path/Frameworks",
					"@loader_path/Frameworks",
				);
				PRODUCT_BUNDLE_IDENTIFIER = com.miltenkot.StuffAppTests;
				PRODUCT_NAME = "$(TARGET_NAME)";
				SWIFT_VERSION = 5.0;
				TARGETED_DEVICE_FAMILY = "1,2";
				TEST_HOST = "$(BUILT_PRODUCTS_DIR)/StuffApp.app/StuffApp";
			};
			name = Release;
		};
		DFDD62B523CA60640030A90D /* Debug */ = {
			isa = XCBuildConfiguration;
			baseConfigurationReference = 0DB38C69741A87C454AC61BB /* Pods-StuffApp-StuffAppUITests.debug.xcconfig */;
			buildSettings = {
				ALWAYS_EMBED_SWIFT_STANDARD_LIBRARIES = YES;
				CODE_SIGN_STYLE = Automatic;
				DEVELOPMENT_TEAM = 9AKL82KSN5;
				INFOPLIST_FILE = StuffAppUITests/Info.plist;
				LD_RUNPATH_SEARCH_PATHS = (
					"$(inherited)",
					"@executable_path/Frameworks",
					"@loader_path/Frameworks",
				);
				PRODUCT_BUNDLE_IDENTIFIER = com.miltenkot.StuffAppUITests;
				PRODUCT_NAME = "$(TARGET_NAME)";
				SWIFT_VERSION = 5.0;
				TARGETED_DEVICE_FAMILY = "1,2";
				TEST_TARGET_NAME = StuffApp;
			};
			name = Debug;
		};
		DFDD62B623CA60640030A90D /* Release */ = {
			isa = XCBuildConfiguration;
			baseConfigurationReference = 4A078F4C8DF698D2B9063B6E /* Pods-StuffApp-StuffAppUITests.release.xcconfig */;
			buildSettings = {
				ALWAYS_EMBED_SWIFT_STANDARD_LIBRARIES = YES;
				CODE_SIGN_STYLE = Automatic;
				DEVELOPMENT_TEAM = 9AKL82KSN5;
				INFOPLIST_FILE = StuffAppUITests/Info.plist;
				LD_RUNPATH_SEARCH_PATHS = (
					"$(inherited)",
					"@executable_path/Frameworks",
					"@loader_path/Frameworks",
				);
				PRODUCT_BUNDLE_IDENTIFIER = com.miltenkot.StuffAppUITests;
				PRODUCT_NAME = "$(TARGET_NAME)";
				SWIFT_VERSION = 5.0;
				TARGETED_DEVICE_FAMILY = "1,2";
				TEST_TARGET_NAME = StuffApp;
			};
			name = Release;
		};
/* End XCBuildConfiguration section */

/* Begin XCConfigurationList section */
		DFDD627F23CA605B0030A90D /* Build configuration list for PBXProject "StuffApp" */ = {
			isa = XCConfigurationList;
			buildConfigurations = (
				DFDD62AC23CA60640030A90D /* Debug */,
				DFDD62AD23CA60640030A90D /* Release */,
			);
			defaultConfigurationIsVisible = 0;
			defaultConfigurationName = Release;
		};
		DFDD62AE23CA60640030A90D /* Build configuration list for PBXNativeTarget "StuffApp" */ = {
			isa = XCConfigurationList;
			buildConfigurations = (
				DFDD62AF23CA60640030A90D /* Debug */,
				DFDD62B023CA60640030A90D /* Release */,
			);
			defaultConfigurationIsVisible = 0;
			defaultConfigurationName = Release;
		};
		DFDD62B123CA60640030A90D /* Build configuration list for PBXNativeTarget "StuffAppTests" */ = {
			isa = XCConfigurationList;
			buildConfigurations = (
				DFDD62B223CA60640030A90D /* Debug */,
				DFDD62B323CA60640030A90D /* Release */,
			);
			defaultConfigurationIsVisible = 0;
			defaultConfigurationName = Release;
		};
		DFDD62B423CA60640030A90D /* Build configuration list for PBXNativeTarget "StuffAppUITests" */ = {
			isa = XCConfigurationList;
			buildConfigurations = (
				DFDD62B523CA60640030A90D /* Debug */,
				DFDD62B623CA60640030A90D /* Release */,
			);
			defaultConfigurationIsVisible = 0;
			defaultConfigurationName = Release;
		};
/* End XCConfigurationList section */
	};
	rootObject = DFDD627C23CA605B0030A90D /* Project object */;
}
